// !$*UTF8*$!
{
	archiveVersion = 1;
	classes = {
	};
	objectVersion = 50;
	objects = {

/* Begin PBXBuildFile section */
		DC6D883FC503E83CD4DF58C7 /* libPods-TwitterApplication.a in Frameworks */ = {isa = PBXBuildFile; fileRef = 30B23CD505C35DE4AC572DE8 /* libPods-TwitterApplication.a */; };
		FAAA29E1214FE72B0084316B /* User.swift in Sources */ = {isa = PBXBuildFile; fileRef = FAAA29E0214FE72B0084316B /* User.swift */; };
		FAAA29E3214FED310084316B /* UserHeaderCell.swift in Sources */ = {isa = PBXBuildFile; fileRef = FAAA29E2214FED310084316B /* UserHeaderCell.swift */; };
		FAAA29E5214FED530084316B /* UserFooterCell.swift in Sources */ = {isa = PBXBuildFile; fileRef = FAAA29E4214FED530084316B /* UserFooterCell.swift */; };
		FAEA3BE4214F848A0024A4A6 /* AppDelegate.swift in Sources */ = {isa = PBXBuildFile; fileRef = FAEA3BE3214F848A0024A4A6 /* AppDelegate.swift */; };
		FAEA3BEB214F848C0024A4A6 /* Assets.xcassets in Resources */ = {isa = PBXBuildFile; fileRef = FAEA3BEA214F848C0024A4A6 /* Assets.xcassets */; };
		FAEA3BEE214F848C0024A4A6 /* LaunchScreen.storyboard in Resources */ = {isa = PBXBuildFile; fileRef = FAEA3BEC214F848C0024A4A6 /* LaunchScreen.storyboard */; };
		FAEA3BF6214F86FA0024A4A6 /* HomeController.swift in Sources */ = {isa = PBXBuildFile; fileRef = FAEA3BF5214F86FA0024A4A6 /* HomeController.swift */; };
		FAEA3C05214FAED60024A4A6 /* HomeDatasource.swift in Sources */ = {isa = PBXBuildFile; fileRef = FAEA3C04214FAED60024A4A6 /* HomeDatasource.swift */; };
		FAEA3C07214FAF590024A4A6 /* UserCell.swift in Sources */ = {isa = PBXBuildFile; fileRef = FAEA3C06214FAF590024A4A6 /* UserCell.swift */; };
/* End PBXBuildFile section */

/* Begin PBXFileReference section */
		30B23CD505C35DE4AC572DE8 /* libPods-TwitterApplication.a */ = {isa = PBXFileReference; explicitFileType = archive.ar; includeInIndex = 0; path = "libPods-TwitterApplication.a"; sourceTree = BUILT_PRODUCTS_DIR; };
		A28713A8901ED6C94D4DA3CB /* Pods-TwitterApplication.release.xcconfig */ = {isa = PBXFileReference; includeInIndex = 1; lastKnownFileType = text.xcconfig; name = "Pods-TwitterApplication.release.xcconfig"; path = "Pods/Target Support Files/Pods-TwitterApplication/Pods-TwitterApplication.release.xcconfig"; sourceTree = "<group>"; };
		F5D40ED0BBB4DCC312BB933D /* Pods-TwitterApplication.debug.xcconfig */ = {isa = PBXFileReference; includeInIndex = 1; lastKnownFileType = text.xcconfig; name = "Pods-TwitterApplication.debug.xcconfig"; path = "Pods/Target Support Files/Pods-TwitterApplication/Pods-TwitterApplication.debug.xcconfig"; sourceTree = "<group>"; };
		FAAA29E0214FE72B0084316B /* User.swift */ = {isa = PBXFileReference; lastKnownFileType = sourcecode.swift; path = User.swift; sourceTree = "<group>"; };
		FAAA29E2214FED310084316B /* UserHeaderCell.swift */ = {isa = PBXFileReference; lastKnownFileType = sourcecode.swift; path = UserHeaderCell.swift; sourceTree = "<group>"; };
		FAAA29E4214FED530084316B /* UserFooterCell.swift */ = {isa = PBXFileReference; lastKnownFileType = sourcecode.swift; path = UserFooterCell.swift; sourceTree = "<group>"; };
		FAEA3BE0214F848A0024A4A6 /* TwitterApplication.app */ = {isa = PBXFileReference; explicitFileType = wrapper.application; includeInIndex = 0; path = TwitterApplication.app; sourceTree = BUILT_PRODUCTS_DIR; };
		FAEA3BE3214F848A0024A4A6 /* AppDelegate.swift */ = {isa = PBXFileReference; lastKnownFileType = sourcecode.swift; path = AppDelegate.swift; sourceTree = "<group>"; };
		FAEA3BEA214F848C0024A4A6 /* Assets.xcassets */ = {isa = PBXFileReference; lastKnownFileType = folder.assetcatalog; path = Assets.xcassets; sourceTree = "<group>"; };
		FAEA3BED214F848C0024A4A6 /* Base */ = {isa = PBXFileReference; lastKnownFileType = file.storyboard; name = Base; path = Base.lproj/LaunchScreen.storyboard; sourceTree = "<group>"; };
		FAEA3BEF214F848C0024A4A6 /* Info.plist */ = {isa = PBXFileReference; lastKnownFileType = text.plist.xml; path = Info.plist; sourceTree = "<group>"; };
		FAEA3BF5214F86FA0024A4A6 /* HomeController.swift */ = {isa = PBXFileReference; lastKnownFileType = sourcecode.swift; path = HomeController.swift; sourceTree = "<group>"; };
		FAEA3C04214FAED60024A4A6 /* HomeDatasource.swift */ = {isa = PBXFileReference; lastKnownFileType = sourcecode.swift; path = HomeDatasource.swift; sourceTree = "<group>"; };
		FAEA3C06214FAF590024A4A6 /* UserCell.swift */ = {isa = PBXFileReference; lastKnownFileType = sourcecode.swift; path = UserCell.swift; sourceTree = "<group>"; };
/* End PBXFileReference section */

/* Begin PBXFrameworksBuildPhase section */
		FAEA3BDD214F848A0024A4A6 /* Frameworks */ = {
			isa = PBXFrameworksBuildPhase;
			buildActionMask = 2147483647;
			files = (
				DC6D883FC503E83CD4DF58C7 /* libPods-TwitterApplication.a in Frameworks */,
			);
			runOnlyForDeploymentPostprocessing = 0;
		};
/* End PBXFrameworksBuildPhase section */

/* Begin PBXGroup section */
		5CD3BA1B3DB19DD87BC87081 /* Frameworks */ = {
			isa = PBXGroup;
			children = (
				30B23CD505C35DE4AC572DE8 /* libPods-TwitterApplication.a */,
			);
			name = Frameworks;
			sourceTree = "<group>";
		};
		EAF16F8D0F030492FA85913A /* Pods */ = {
			isa = PBXGroup;
			children = (
				F5D40ED0BBB4DCC312BB933D /* Pods-TwitterApplication.debug.xcconfig */,
				A28713A8901ED6C94D4DA3CB /* Pods-TwitterApplication.release.xcconfig */,
			);
			name = Pods;
			sourceTree = "<group>";
		};
		FAEA3BD7214F848A0024A4A6 = {
			isa = PBXGroup;
			children = (
				FAEA3BE2214F848A0024A4A6 /* TwitterApplication */,
				FAEA3BE1214F848A0024A4A6 /* Products */,
				EAF16F8D0F030492FA85913A /* Pods */,
				5CD3BA1B3DB19DD87BC87081 /* Frameworks */,
			);
			sourceTree = "<group>";
		};
		FAEA3BE1214F848A0024A4A6 /* Products */ = {
			isa = PBXGroup;
			children = (
				FAEA3BE0214F848A0024A4A6 /* TwitterApplication.app */,
			);
			name = Products;
			sourceTree = "<group>";
		};
		FAEA3BE2214F848A0024A4A6 /* TwitterApplication */ = {
			isa = PBXGroup;
			children = (
				FAEA3C03214FAE2B0024A4A6 /* Views */,
				FAEA3C02214FAE270024A4A6 /* Models */,
				FAEA3BF7214F87350024A4A6 /* Controllers */,
				FAEA3BE3214F848A0024A4A6 /* AppDelegate.swift */,
				FAEA3BEA214F848C0024A4A6 /* Assets.xcassets */,
				FAEA3BEC214F848C0024A4A6 /* LaunchScreen.storyboard */,
				FAEA3BEF214F848C0024A4A6 /* Info.plist */,
			);
			path = TwitterApplication;
			sourceTree = "<group>";
		};
		FAEA3BF7214F87350024A4A6 /* Controllers */ = {
			isa = PBXGroup;
			children = (
				FAEA3BF5214F86FA0024A4A6 /* HomeController.swift */,
			);
			path = Controllers;
			sourceTree = "<group>";
		};
		FAEA3C02214FAE270024A4A6 /* Models */ = {
			isa = PBXGroup;
			children = (
				FAEA3C04214FAED60024A4A6 /* HomeDatasource.swift */,
				FAAA29E0214FE72B0084316B /* User.swift */,
			);
			path = Models;
			sourceTree = "<group>";
		};
		FAEA3C03214FAE2B0024A4A6 /* Views */ = {
			isa = PBXGroup;
			children = (
				FAEA3C06214FAF590024A4A6 /* UserCell.swift */,
				FAAA29E2214FED310084316B /* UserHeaderCell.swift */,
				FAAA29E4214FED530084316B /* UserFooterCell.swift */,
			);
			path = Views;
			sourceTree = "<group>";
		};
/* End PBXGroup section */

/* Begin PBXNativeTarget section */
		FAEA3BDF214F848A0024A4A6 /* TwitterApplication */ = {
			isa = PBXNativeTarget;
			buildConfigurationList = FAEA3BF2214F848C0024A4A6 /* Build configuration list for PBXNativeTarget "TwitterApplication" */;
			buildPhases = (
				B986934E133DF2CA936021AB /* [CP] Check Pods Manifest.lock */,
				FAEA3BDC214F848A0024A4A6 /* Sources */,
				FAEA3BDD214F848A0024A4A6 /* Frameworks */,
				FAEA3BDE214F848A0024A4A6 /* Resources */,
			);
			buildRules = (
			);
			dependencies = (
			);
			name = TwitterApplication;
			productName = TwitterApplication;
			productReference = FAEA3BE0214F848A0024A4A6 /* TwitterApplication.app */;
			productType = "com.apple.product-type.application";
		};
/* End PBXNativeTarget section */

/* Begin PBXProject section */
		FAEA3BD8214F848A0024A4A6 /* Project object */ = {
			isa = PBXProject;
			attributes = {
				LastSwiftUpdateCheck = 0940;
				LastUpgradeCheck = 0940;
				ORGANIZATIONNAME = "Carsworld Indonesia";
				TargetAttributes = {
					FAEA3BDF214F848A0024A4A6 = {
						CreatedOnToolsVersion = 9.4.1;
					};
				};
			};
			buildConfigurationList = FAEA3BDB214F848A0024A4A6 /* Build configuration list for PBXProject "TwitterApplication" */;
			compatibilityVersion = "Xcode 9.3";
			developmentRegion = en;
			hasScannedForEncodings = 0;
			knownRegions = (
				en,
				Base,
			);
			mainGroup = FAEA3BD7214F848A0024A4A6;
			productRefGroup = FAEA3BE1214F848A0024A4A6 /* Products */;
			projectDirPath = "";
			projectRoot = "";
			targets = (
				FAEA3BDF214F848A0024A4A6 /* TwitterApplication */,
			);
		};
/* End PBXProject section */

/* Begin PBXResourcesBuildPhase section */
		FAEA3BDE214F848A0024A4A6 /* Resources */ = {
			isa = PBXResourcesBuildPhase;
			buildActionMask = 2147483647;
			files = (
				FAEA3BEE214F848C0024A4A6 /* LaunchScreen.storyboard in Resources */,
				FAEA3BEB214F848C0024A4A6 /* Assets.xcassets in Resources */,
			);
			runOnlyForDeploymentPostprocessing = 0;
		};
/* End PBXResourcesBuildPhase section */

/* Begin PBXShellScriptBuildPhase section */
		B986934E133DF2CA936021AB /* [CP] Check Pods Manifest.lock */ = {
			isa = PBXShellScriptBuildPhase;
			buildActionMask = 2147483647;
			files = (
			);
			inputPaths = (
				"${PODS_PODFILE_DIR_PATH}/Podfile.lock",
				"${PODS_ROOT}/Manifest.lock",
			);
			name = "[CP] Check Pods Manifest.lock";
			outputPaths = (
				"$(DERIVED_FILE_DIR)/Pods-TwitterApplication-checkManifestLockResult.txt",
			);
			runOnlyForDeploymentPostprocessing = 0;
			shellPath = /bin/sh;
			shellScript = "diff \"${PODS_PODFILE_DIR_PATH}/Podfile.lock\" \"${PODS_ROOT}/Manifest.lock\" > /dev/null\nif [ $? != 0 ] ; then\n    # print error to STDERR\n    echo \"error: The sandbox is not in sync with the Podfile.lock. Run 'pod install' or update your CocoaPods installation.\" >&2\n    exit 1\nfi\n# This output is used by Xcode 'outputs' to avoid re-running this script phase.\necho \"SUCCESS\" > \"${SCRIPT_OUTPUT_FILE_0}\"\n";
			showEnvVarsInLog = 0;
		};
/* End PBXShellScriptBuildPhase section */

/* Begin PBXSourcesBuildPhase section */
		FAEA3BDC214F848A0024A4A6 /* Sources */ = {
			isa = PBXSourcesBuildPhase;
			buildActionMask = 2147483647;
			files = (
				FAAA29E1214FE72B0084316B /* User.swift in Sources */,
				FAEA3C05214FAED60024A4A6 /* HomeDatasource.swift in Sources */,
				FAEA3BE4214F848A0024A4A6 /* AppDelegate.swift in Sources */,
				FAAA29E5214FED530084316B /* UserFooterCell.swift in Sources */,
				FAEA3C07214FAF590024A4A6 /* UserCell.swift in Sources */,
				FAEA3BF6214F86FA0024A4A6 /* HomeController.swift in Sources */,
				FAAA29E3214FED310084316B /* UserHeaderCell.swift in Sources */,
			);
			runOnlyForDeploymentPostprocessing = 0;
		};
/* End PBXSourcesBuildPhase section */

/* Begin PBXVariantGroup section */
		FAEA3BEC214F848C0024A4A6 /* LaunchScreen.storyboard */ = {
			isa = PBXVariantGroup;
			children = (
				FAEA3BED214F848C0024A4A6 /* Base */,
			);
			name = LaunchScreen.storyboard;
			sourceTree = "<group>";
		};
/* End PBXVariantGroup section */

/* Begin XCBuildConfiguration section */
		FAEA3BF0214F848C0024A4A6 /* Debug */ = {
			isa = XCBuildConfiguration;
			buildSettings = {
				ALWAYS_SEARCH_USER_PATHS = NO;
				CLANG_ANALYZER_NONNULL = YES;
				CLANG_ANALYZER_NUMBER_OBJECT_CONVERSION = YES_AGGRESSIVE;
				CLANG_CXX_LANGUAGE_STANDARD = "gnu++14";
				CLANG_CXX_LIBRARY = "libc++";
				CLANG_ENABLE_MODULES = YES;
				CLANG_ENABLE_OBJC_ARC = YES;
				CLANG_ENABLE_OBJC_WEAK = YES;
				CLANG_WARN_BLOCK_CAPTURE_AUTORELEASING = YES;
				CLANG_WARN_BOOL_CONVERSION = YES;
				CLANG_WARN_COMMA = YES;
				CLANG_WARN_CONSTANT_CONVERSION = YES;
				CLANG_WARN_DEPRECATED_OBJC_IMPLEMENTATIONS = YES;
				CLANG_WARN_DIRECT_OBJC_ISA_USAGE = YES_ERROR;
				CLANG_WARN_DOCUMENTATION_COMMENTS = YES;
				CLANG_WARN_EMPTY_BODY = YES;
				CLANG_WARN_ENUM_CONVERSION = YES;
				CLANG_WARN_INFINITE_RECURSION = YES;
				CLANG_WARN_INT_CONVERSION = YES;
				CLANG_WARN_NON_LITERAL_NULL_CONVERSION = YES;
				CLANG_WARN_OBJC_IMPLICIT_RETAIN_SELF = YES;
				CLANG_WARN_OBJC_LITERAL_CONVERSION = YES;
				CLANG_WARN_OBJC_ROOT_CLASS = YES_ERROR;
				CLANG_WARN_RANGE_LOOP_ANALYSIS = YES;
				CLANG_WARN_STRICT_PROTOTYPES = YES;
				CLANG_WARN_SUSPICIOUS_MOVE = YES;
				CLANG_WARN_UNGUARDED_AVAILABILITY = YES_AGGRESSIVE;
				CLANG_WARN_UNREACHABLE_CODE = YES;
				CLANG_WARN__DUPLICATE_METHOD_MATCH = YES;
				CODE_SIGN_IDENTITY = "iPhone Developer";
				COPY_PHASE_STRIP = NO;
				DEBUG_INFORMATION_FORMAT = dwarf;
				ENABLE_STRICT_OBJC_MSGSEND = YES;
				ENABLE_TESTABILITY = YES;
				GCC_C_LANGUAGE_STANDARD = gnu11;
				GCC_DYNAMIC_NO_PIC = NO;
				GCC_NO_COMMON_BLOCKS = YES;
				GCC_OPTIMIZATION_LEVEL = 0;
				GCC_PREPROCESSOR_DEFINITIONS = (
					"DEBUG=1",
					"$(inherited)",
				);
				GCC_WARN_64_TO_32_BIT_CONVERSION = YES;
				GCC_WARN_ABOUT_RETURN_TYPE = YES_ERROR;
				GCC_WARN_UNDECLARED_SELECTOR = YES;
				GCC_WARN_UNINITIALIZED_AUTOS = YES_AGGRESSIVE;
				GCC_WARN_UNUSED_FUNCTION = YES;
				GCC_WARN_UNUSED_VARIABLE = YES;
				IPHONEOS_DEPLOYMENT_TARGET = 11.4;
				MTL_ENABLE_DEBUG_INFO = YES;
				ONLY_ACTIVE_ARCH = YES;
				SDKROOT = iphoneos;
				SWIFT_ACTIVE_COMPILATION_CONDITIONS = DEBUG;
				SWIFT_OPTIMIZATION_LEVEL = "-Onone";
			};
			name = Debug;
		};
		FAEA3BF1214F848C0024A4A6 /* Release */ = {
			isa = XCBuildConfiguration;
			buildSettings = {
				ALWAYS_SEARCH_USER_PATHS = NO;
				CLANG_ANALYZER_NONNULL = YES;
				CLANG_ANALYZER_NUMBER_OBJECT_CONVERSION = YES_AGGRESSIVE;
				CLANG_CXX_LANGUAGE_STANDARD = "gnu++14";
				CLANG_CXX_LIBRARY = "libc++";
				CLANG_ENABLE_MODULES = YES;
				CLANG_ENABLE_OBJC_ARC = YES;
				CLANG_ENABLE_OBJC_WEAK = YES;
				CLANG_WARN_BLOCK_CAPTURE_AUTORELEASING = YES;
				CLANG_WARN_BOOL_CONVERSION = YES;
				CLANG_WARN_COMMA = YES;
				CLANG_WARN_CONSTANT_CONVERSION = YES;
				CLANG_WARN_DEPRECATED_OBJC_IMPLEMENTATIONS = YES;
				CLANG_WARN_DIRECT_OBJC_ISA_USAGE = YES_ERROR;
				CLANG_WARN_DOCUMENTATION_COMMENTS = YES;
				CLANG_WARN_EMPTY_BODY = YES;
				CLANG_WARN_ENUM_CONVERSION = YES;
				CLANG_WARN_INFINITE_RECURSION = YES;
				CLANG_WARN_INT_CONVERSION = YES;
				CLANG_WARN_NON_LITERAL_NULL_CONVERSION = YES;
				CLANG_WARN_OBJC_IMPLICIT_RETAIN_SELF = YES;
				CLANG_WARN_OBJC_LITERAL_CONVERSION = YES;
				CLANG_WARN_OBJC_ROOT_CLASS = YES_ERROR;
				CLANG_WARN_RANGE_LOOP_ANALYSIS = YES;
				CLANG_WARN_STRICT_PROTOTYPES = YES;
				CLANG_WARN_SUSPICIOUS_MOVE = YES;
				CLANG_WARN_UNGUARDED_AVAILABILITY = YES_AGGRESSIVE;
				CLANG_WARN_UNREACHABLE_CODE = YES;
				CLANG_WARN__DUPLICATE_METHOD_MATCH = YES;
				CODE_SIGN_IDENTITY = "iPhone Developer";
				COPY_PHASE_STRIP = NO;
				DEBUG_INFORMATION_FORMAT = "dwarf-with-dsym";
				ENABLE_NS_ASSERTIONS = NO;
				ENABLE_STRICT_OBJC_MSGSEND = YES;
				GCC_C_LANGUAGE_STANDARD = gnu11;
				GCC_NO_COMMON_BLOCKS = YES;
				GCC_WARN_64_TO_32_BIT_CONVERSION = YES;
				GCC_WARN_ABOUT_RETURN_TYPE = YES_ERROR;
				GCC_WARN_UNDECLARED_SELECTOR = YES;
				GCC_WARN_UNINITIALIZED_AUTOS = YES_AGGRESSIVE;
				GCC_WARN_UNUSED_FUNCTION = YES;
				GCC_WARN_UNUSED_VARIABLE = YES;
				IPHONEOS_DEPLOYMENT_TARGET = 11.4;
				MTL_ENABLE_DEBUG_INFO = NO;
				SDKROOT = iphoneos;
				SWIFT_COMPILATION_MODE = wholemodule;
				SWIFT_OPTIMIZATION_LEVEL = "-O";
				VALIDATE_PRODUCT = YES;
			};
			name = Release;
		};
		FAEA3BF3214F848C0024A4A6 /* Debug */ = {
			isa = XCBuildConfiguration;
			baseConfigurationReference = F5D40ED0BBB4DCC312BB933D /* Pods-TwitterApplication.debug.xcconfig */;
			buildSettings = {
				ASSETCATALOG_COMPILER_APPICON_NAME = AppIcon;
				CODE_SIGN_STYLE = Automatic;
				DEVELOPMENT_TEAM = AD5MK6B747;
				INFOPLIST_FILE = TwitterApplication/Info.plist;
				IPHONEOS_DEPLOYMENT_TARGET = 10.2;
				LD_RUNPATH_SEARCH_PATHS = (
					"$(inherited)",
					"@executable_path/Frameworks",
				);
				PRODUCT_BUNDLE_IDENTIFIER = carsworld.indonesia.TwitterApplication;
				PRODUCT_NAME = "$(TARGET_NAME)";
				SWIFT_VERSION = 4.0;
				TARGETED_DEVICE_FAMILY = "1,2";
			};
			name = Debug;
		};
		FAEA3BF4214F848C0024A4A6 /* Release */ = {
			isa = XCBuildConfiguration;
			baseConfigurationReference = A28713A8901ED6C94D4DA3CB /* Pods-TwitterApplication.release.xcconfig */;
			buildSettings = {
				ASSETCATALOG_COMPILER_APPICON_NAME = AppIcon;
				CODE_SIGN_STYLE = Automatic;
				DEVELOPMENT_TEAM = AD5MK6B747;
				INFOPLIST_FILE = TwitterApplication/Info.plist;
				IPHONEOS_DEPLOYMENT_TARGET = 10.2;
				LD_RUNPATH_SEARCH_PATHS = (
					"$(inherited)",
					"@executable_path/Frameworks",
				);
				PRODUCT_BUNDLE_IDENTIFIER = carsworld.indonesia.TwitterApplication;
				PRODUCT_NAME = "$(TARGET_NAME)";
				SWIFT_VERSION = 4.0;
				TARGETED_DEVICE_FAMILY = "1,2";
			};
			name = Release;
		};
/* End XCBuildConfiguration section */

/* Begin XCConfigurationList section */
		FAEA3BDB214F848A0024A4A6 /* Build configuration list for PBXProject "TwitterApplication" */ = {
			isa = XCConfigurationList;
			buildConfigurations = (
				FAEA3BF0214F848C0024A4A6 /* Debug */,
				FAEA3BF1214F848C0024A4A6 /* Release */,
			);
			defaultConfigurationIsVisible = 0;
			defaultConfigurationName = Release;
		};
		FAEA3BF2214F848C0024A4A6 /* Build configuration list for PBXNativeTarget "TwitterApplication" */ = {
			isa = XCConfigurationList;
			buildConfigurations = (
				FAEA3BF3214F848C0024A4A6 /* Debug */,
				FAEA3BF4214F848C0024A4A6 /* Release */,
			);
			defaultConfigurationIsVisible = 0;
			defaultConfigurationName = Release;
		};
/* End XCConfigurationList section */
	};
	rootObject = FAEA3BD8214F848A0024A4A6 /* Project object */;
}
